// !$*UTF8*$!
{
	archiveVersion = 1;
	classes = {
	};
	objectVersion = 77;
	objects = {

/* Begin PBXBuildFile section */
		8B07CA4C2E08FF410025874B /* FirebaseAI in Frameworks */ = {isa = PBXBuildFile; productRef = 8B07CA4B2E08FF410025874B /* FirebaseAI */; };
		8B07CA4E2E08FF410025874B /* FirebaseAnalytics in Frameworks */ = {isa = PBXBuildFile; productRef = 8B07CA4D2E08FF410025874B /* FirebaseAnalytics */; };
		8B07CA502E08FF410025874B /* FirebaseAuth in Frameworks */ = {isa = PBXBuildFile; productRef = 8B07CA4F2E08FF410025874B /* FirebaseAuth */; };
		8B07CA522E08FF410025874B /* FirebaseAuthCombine-Community in Frameworks */ = {isa = PBXBuildFile; productRef = 8B07CA512E08FF410025874B /* FirebaseAuthCombine-Community */; };
		8B07CA542E08FF410025874B /* FirebaseFirestore in Frameworks */ = {isa = PBXBuildFile; productRef = 8B07CA532E08FF410025874B /* FirebaseFirestore */; };
		8B07CA562E08FF410025874B /* FirebaseFirestoreCombine-Community in Frameworks */ = {isa = PBXBuildFile; productRef = 8B07CA552E08FF410025874B /* FirebaseFirestoreCombine-Community */; };
/* End PBXBuildFile section */

/* Begin PBXContainerItemProxy section */
		8B1514442CD7D5C6007255E3 /* PBXContainerItemProxy */ = {
			isa = PBXContainerItemProxy;
			containerPortal = 8B1514272CD7D5C5007255E3 /* Project object */;
			proxyType = 1;
			remoteGlobalIDString = 8B15142E2CD7D5C5007255E3;
			remoteInfo = FarmiculturAPP;
		};
		8B15144E2CD7D5C6007255E3 /* PBXContainerItemProxy */ = {
			isa = PBXContainerItemProxy;
			containerPortal = 8B1514272CD7D5C5007255E3 /* Project object */;
			proxyType = 1;
			remoteGlobalIDString = 8B15142E2CD7D5C5007255E3;
			remoteInfo = FarmiculturAPP;
		};
/* End PBXContainerItemProxy section */

/* Begin PBXFileReference section */
		8B15142F2CD7D5C5007255E3 /* FarmiculturAPP.app */ = {isa = PBXFileReference; explicitFileType = wrapper.application; includeInIndex = 0; path = FarmiculturAPP.app; sourceTree = BUILT_PRODUCTS_DIR; };
		8B1514432CD7D5C6007255E3 /* FarmiculturAPPTests.xctest */ = {isa = PBXFileReference; explicitFileType = wrapper.cfbundle; includeInIndex = 0; path = FarmiculturAPPTests.xctest; sourceTree = BUILT_PRODUCTS_DIR; };
		8B15144D2CD7D5C6007255E3 /* FarmiculturAPPUITests.xctest */ = {isa = PBXFileReference; explicitFileType = wrapper.cfbundle; includeInIndex = 0; path = FarmiculturAPPUITests.xctest; sourceTree = BUILT_PRODUCTS_DIR; };
/* End PBXFileReference section */

/* Begin PBXFileSystemSynchronizedBuildFileExceptionSet section */
		8B1514552CD7D5C6007255E3 /* Exceptions for "FarmiculturAPP" folder in "FarmiculturAPP" target */ = {
			isa = PBXFileSystemSynchronizedBuildFileExceptionSet;
			membershipExceptions = (
				Info.plist,
			);
			target = 8B15142E2CD7D5C5007255E3 /* FarmiculturAPP */;
		};
/* End PBXFileSystemSynchronizedBuildFileExceptionSet section */

/* Begin PBXFileSystemSynchronizedRootGroup section */
		8B1514312CD7D5C5007255E3 /* FarmiculturAPP */ = {
			isa = PBXFileSystemSynchronizedRootGroup;
			exceptions = (
				8B1514552CD7D5C6007255E3 /* Exceptions for "FarmiculturAPP" folder in "FarmiculturAPP" target */,
			);
			path = FarmiculturAPP;
			sourceTree = "<group>";
		};
		8B1514462CD7D5C6007255E3 /* FarmiculturAPPTests */ = {
			isa = PBXFileSystemSynchronizedRootGroup;
			path = FarmiculturAPPTests;
			sourceTree = "<group>";
		};
		8B1514502CD7D5C6007255E3 /* FarmiculturAPPUITests */ = {
			isa = PBXFileSystemSynchronizedRootGroup;
			path = FarmiculturAPPUITests;
			sourceTree = "<group>";
		};
/* End PBXFileSystemSynchronizedRootGroup section */

/* Begin PBXFrameworksBuildPhase section */
		8B15142C2CD7D5C5007255E3 /* Frameworks */ = {
			isa = PBXFrameworksBuildPhase;
			buildActionMask = 2147483647;
			files = (
				8B07CA4E2E08FF410025874B /* FirebaseAnalytics in Frameworks */,
				8B07CA502E08FF410025874B /* FirebaseAuth in Frameworks */,
				8B07CA4C2E08FF410025874B /* FirebaseAI in Frameworks */,
				8B07CA562E08FF410025874B /* FirebaseFirestoreCombine-Community in Frameworks */,
				8B07CA542E08FF410025874B /* FirebaseFirestore in Frameworks */,
				8B07CA522E08FF410025874B /* FirebaseAuthCombine-Community in Frameworks */,
			);
			runOnlyForDeploymentPostprocessing = 0;
		};
		8B1514402CD7D5C6007255E3 /* Frameworks */ = {
			isa = PBXFrameworksBuildPhase;
			buildActionMask = 2147483647;
			files = (
			);
			runOnlyForDeploymentPostprocessing = 0;
		};
		8B15144A2CD7D5C6007255E3 /* Frameworks */ = {
			isa = PBXFrameworksBuildPhase;
			buildActionMask = 2147483647;
			files = (
			);
			runOnlyForDeploymentPostprocessing = 0;
		};
/* End PBXFrameworksBuildPhase section */

/* Begin PBXGroup section */
		8B1514262CD7D5C5007255E3 = {
			isa = PBXGroup;
			children = (
				8B1514312CD7D5C5007255E3 /* FarmiculturAPP */,
				8B1514462CD7D5C6007255E3 /* FarmiculturAPPTests */,
				8B1514502CD7D5C6007255E3 /* FarmiculturAPPUITests */,
				8B1514302CD7D5C5007255E3 /* Products */,
			);
			sourceTree = "<group>";
		};
		8B1514302CD7D5C5007255E3 /* Products */ = {
			isa = PBXGroup;
			children = (
				8B15142F2CD7D5C5007255E3 /* FarmiculturAPP.app */,
				8B1514432CD7D5C6007255E3 /* FarmiculturAPPTests.xctest */,
				8B15144D2CD7D5C6007255E3 /* FarmiculturAPPUITests.xctest */,
			);
			name = Products;
			sourceTree = "<group>";
		};
/* End PBXGroup section */

/* Begin PBXNativeTarget section */
		8B15142E2CD7D5C5007255E3 /* FarmiculturAPP */ = {
			isa = PBXNativeTarget;
			buildConfigurationList = 8B1514562CD7D5C6007255E3 /* Build configuration list for PBXNativeTarget "FarmiculturAPP" */;
			buildPhases = (
				8B15142B2CD7D5C5007255E3 /* Sources */,
				8B15142C2CD7D5C5007255E3 /* Frameworks */,
				8B15142D2CD7D5C5007255E3 /* Resources */,
			);
			buildRules = (
			);
			dependencies = (
			);
			fileSystemSynchronizedGroups = (
				8B1514312CD7D5C5007255E3 /* FarmiculturAPP */,
			);
			name = FarmiculturAPP;
			packageProductDependencies = (
				8B07CA4B2E08FF410025874B /* FirebaseAI */,
				8B07CA4D2E08FF410025874B /* FirebaseAnalytics */,
				8B07CA4F2E08FF410025874B /* FirebaseAuth */,
				8B07CA512E08FF410025874B /* FirebaseAuthCombine-Community */,
				8B07CA532E08FF410025874B /* FirebaseFirestore */,
				8B07CA552E08FF410025874B /* FirebaseFirestoreCombine-Community */,
			);
			productName = FarmiculturAPP;
			productReference = 8B15142F2CD7D5C5007255E3 /* FarmiculturAPP.app */;
			productType = "com.apple.product-type.application";
		};
		8B1514422CD7D5C6007255E3 /* FarmiculturAPPTests */ = {
			isa = PBXNativeTarget;
			buildConfigurationList = 8B15145B2CD7D5C6007255E3 /* Build configuration list for PBXNativeTarget "FarmiculturAPPTests" */;
			buildPhases = (
				8B15143F2CD7D5C6007255E3 /* Sources */,
				8B1514402CD7D5C6007255E3 /* Frameworks */,
				8B1514412CD7D5C6007255E3 /* Resources */,
			);
			buildRules = (
			);
			dependencies = (
				8B1514452CD7D5C6007255E3 /* PBXTargetDependency */,
			);
			fileSystemSynchronizedGroups = (
				8B1514462CD7D5C6007255E3 /* FarmiculturAPPTests */,
			);
			name = FarmiculturAPPTests;
			packageProductDependencies = (
			);
			productName = FarmiculturAPPTests;
			productReference = 8B1514432CD7D5C6007255E3 /* FarmiculturAPPTests.xctest */;
			productType = "com.apple.product-type.bundle.unit-test";
		};
		8B15144C2CD7D5C6007255E3 /* FarmiculturAPPUITests */ = {
			isa = PBXNativeTarget;
			buildConfigurationList = 8B15145E2CD7D5C6007255E3 /* Build configuration list for PBXNativeTarget "FarmiculturAPPUITests" */;
			buildPhases = (
				8B1514492CD7D5C6007255E3 /* Sources */,
				8B15144A2CD7D5C6007255E3 /* Frameworks */,
				8B15144B2CD7D5C6007255E3 /* Resources */,
			);
			buildRules = (
			);
			dependencies = (
				8B15144F2CD7D5C6007255E3 /* PBXTargetDependency */,
			);
			fileSystemSynchronizedGroups = (
				8B1514502CD7D5C6007255E3 /* FarmiculturAPPUITests */,
			);
			name = FarmiculturAPPUITests;
			packageProductDependencies = (
			);
			productName = FarmiculturAPPUITests;
			productReference = 8B15144D2CD7D5C6007255E3 /* FarmiculturAPPUITests.xctest */;
			productType = "com.apple.product-type.bundle.ui-testing";
		};
/* End PBXNativeTarget section */

/* Begin PBXProject section */
		8B1514272CD7D5C5007255E3 /* Project object */ = {
			isa = PBXProject;
			attributes = {
				BuildIndependentTargetsInParallel = 1;
				LastSwiftUpdateCheck = 1600;
				LastUpgradeCheck = 1600;
				TargetAttributes = {
					8B15142E2CD7D5C5007255E3 = {
						CreatedOnToolsVersion = 16.0;
					};
					8B1514422CD7D5C6007255E3 = {
						CreatedOnToolsVersion = 16.0;
						TestTargetID = 8B15142E2CD7D5C5007255E3;
					};
					8B15144C2CD7D5C6007255E3 = {
						CreatedOnToolsVersion = 16.0;
						TestTargetID = 8B15142E2CD7D5C5007255E3;
					};
				};
			};
			buildConfigurationList = 8B15142A2CD7D5C5007255E3 /* Build configuration list for PBXProject "FarmiculturAPP" */;
			developmentRegion = en;
			hasScannedForEncodings = 0;
			knownRegions = (
				en,
				Base,
			);
			mainGroup = 8B1514262CD7D5C5007255E3;
			minimizedProjectReferenceProxies = 1;
			packageReferences = (
				8B07CA4A2E08FF410025874B /* XCRemoteSwiftPackageReference "firebase-ios-sdk" */,
			);
			preferredProjectObjectVersion = 77;
			productRefGroup = 8B1514302CD7D5C5007255E3 /* Products */;
			projectDirPath = "";
			projectRoot = "";
			targets = (
				8B15142E2CD7D5C5007255E3 /* FarmiculturAPP */,
				8B1514422CD7D5C6007255E3 /* FarmiculturAPPTests */,
				8B15144C2CD7D5C6007255E3 /* FarmiculturAPPUITests */,
			);
		};
/* End PBXProject section */

/* Begin PBXResourcesBuildPhase section */
		8B15142D2CD7D5C5007255E3 /* Resources */ = {
			isa = PBXResourcesBuildPhase;
			buildActionMask = 2147483647;
			files = (
			);
			runOnlyForDeploymentPostprocessing = 0;
		};
		8B1514412CD7D5C6007255E3 /* Resources */ = {
			isa = PBXResourcesBuildPhase;
			buildActionMask = 2147483647;
			files = (
			);
			runOnlyForDeploymentPostprocessing = 0;
		};
		8B15144B2CD7D5C6007255E3 /* Resources */ = {
			isa = PBXResourcesBuildPhase;
			buildActionMask = 2147483647;
			files = (
			);
			runOnlyForDeploymentPostprocessing = 0;
		};
/* End PBXResourcesBuildPhase section */

/* Begin PBXSourcesBuildPhase section */
		8B15142B2CD7D5C5007255E3 /* Sources */ = {
			isa = PBXSourcesBuildPhase;
			buildActionMask = 2147483647;
			files = (
			);
			runOnlyForDeploymentPostprocessing = 0;
		};
		8B15143F2CD7D5C6007255E3 /* Sources */ = {
			isa = PBXSourcesBuildPhase;
			buildActionMask = 2147483647;
			files = (
			);
			runOnlyForDeploymentPostprocessing = 0;
		};
		8B1514492CD7D5C6007255E3 /* Sources */ = {
			isa = PBXSourcesBuildPhase;
			buildActionMask = 2147483647;
			files = (
			);
			runOnlyForDeploymentPostprocessing = 0;
		};
/* End PBXSourcesBuildPhase section */

/* Begin PBXTargetDependency section */
		8B1514452CD7D5C6007255E3 /* PBXTargetDependency */ = {
			isa = PBXTargetDependency;
			target = 8B15142E2CD7D5C5007255E3 /* FarmiculturAPP */;
			targetProxy = 8B1514442CD7D5C6007255E3 /* PBXContainerItemProxy */;
		};
		8B15144F2CD7D5C6007255E3 /* PBXTargetDependency */ = {
			isa = PBXTargetDependency;
			target = 8B15142E2CD7D5C5007255E3 /* FarmiculturAPP */;
			targetProxy = 8B15144E2CD7D5C6007255E3 /* PBXContainerItemProxy */;
		};
/* End PBXTargetDependency section */

/* Begin XCBuildConfiguration section */
		8B1514572CD7D5C6007255E3 /* Debug */ = {
			isa = XCBuildConfiguration;
			buildSettings = {
				ASSETCATALOG_COMPILER_APPICON_NAME = AppIcon;
				ASSETCATALOG_COMPILER_GLOBAL_ACCENT_COLOR_NAME = AccentColor;
				CODE_SIGN_ENTITLEMENTS = FarmiculturAPP/FarmiculturAPP.entitlements;
				CODE_SIGN_IDENTITY = "Apple Development";
				CODE_SIGN_STYLE = Automatic;
				CURRENT_PROJECT_VERSION = 1;
				DEVELOPMENT_ASSET_PATHS = "\"FarmiculturAPP/Preview Content\"";
				DEVELOPMENT_TEAM = 63B8N9Z9DR;
				ENABLE_HARDENED_RUNTIME = YES;
				ENABLE_PREVIEWS = YES;
				GENERATE_INFOPLIST_FILE = YES;
				INFOPLIST_FILE = FarmiculturAPP/Info.plist;
				"INFOPLIST_KEY_UIApplicationSceneManifest_Generation[sdk=iphoneos*]" = YES;
				"INFOPLIST_KEY_UIApplicationSceneManifest_Generation[sdk=iphonesimulator*]" = YES;
				"INFOPLIST_KEY_UIApplicationSupportsIndirectInputEvents[sdk=iphoneos*]" = YES;
				"INFOPLIST_KEY_UIApplicationSupportsIndirectInputEvents[sdk=iphonesimulator*]" = YES;
				"INFOPLIST_KEY_UILaunchScreen_Generation[sdk=iphoneos*]" = YES;
				"INFOPLIST_KEY_UILaunchScreen_Generation[sdk=iphonesimulator*]" = YES;
				"INFOPLIST_KEY_UIStatusBarStyle[sdk=iphoneos*]" = UIStatusBarStyleDefault;
				"INFOPLIST_KEY_UIStatusBarStyle[sdk=iphonesimulator*]" = UIStatusBarStyleDefault;
				INFOPLIST_KEY_UISupportedInterfaceOrientations_iPad = "UIInterfaceOrientationPortrait UIInterfaceOrientationPortraitUpsideDown UIInterfaceOrientationLandscapeLeft UIInterfaceOrientationLandscapeRight";
				INFOPLIST_KEY_UISupportedInterfaceOrientations_iPhone = "UIInterfaceOrientationPortrait UIInterfaceOrientationLandscapeLeft UIInterfaceOrientationLandscapeRight";
				IPHONEOS_DEPLOYMENT_TARGET = 18.0;
				LD_RUNPATH_SEARCH_PATHS = "@executable_path/Frameworks";
				"LD_RUNPATH_SEARCH_PATHS[sdk=macosx*]" = "@executable_path/../Frameworks";
				MACOSX_DEPLOYMENT_TARGET = 14.0;
				MARKETING_VERSION = 1.0;
				PRODUCT_BUNDLE_IDENTIFIER = danimore.com.FarmiculturAPP;
				PRODUCT_NAME = "$(TARGET_NAME)";
				PROVISIONING_PROFILE_SPECIFIER = "";
				SDKROOT = auto;
				SUPPORTED_PLATFORMS = "iphoneos iphonesimulator";
				SUPPORTS_MACCATALYST = NO;
				SWIFT_EMIT_LOC_STRINGS = YES;
				SWIFT_VERSION = 5.0;
				TARGETED_DEVICE_FAMILY = "1,2";
				XROS_DEPLOYMENT_TARGET = 2.0;
			};
			name = Debug;
		};
		8B1514582CD7D5C6007255E3 /* Release */ = {
			isa = XCBuildConfiguration;
			buildSettings = {
				ASSETCATALOG_COMPILER_APPICON_NAME = AppIcon;
				ASSETCATALOG_COMPILER_GLOBAL_ACCENT_COLOR_NAME = AccentColor;
				CODE_SIGN_ENTITLEMENTS = FarmiculturAPP/FarmiculturAPP.entitlements;
				CODE_SIGN_IDENTITY = "Apple Development";
				CODE_SIGN_STYLE = Automatic;
				CURRENT_PROJECT_VERSION = 1;
				DEVELOPMENT_ASSET_PATHS = "\"FarmiculturAPP/Preview Content\"";
				DEVELOPMENT_TEAM = 63B8N9Z9DR;
				ENABLE_HARDENED_RUNTIME = YES;
				ENABLE_PREVIEWS = YES;
				GENERATE_INFOPLIST_FILE = YES;
				INFOPLIST_FILE = FarmiculturAPP/Info.plist;
				"INFOPLIST_KEY_UIApplicationSceneManifest_Generation[sdk=iphoneos*]" = YES;
				"INFOPLIST_KEY_UIApplicationSceneManifest_Generation[sdk=iphonesimulator*]" = YES;
				"INFOPLIST_KEY_UIApplicationSupportsIndirectInputEvents[sdk=iphoneos*]" = YES;
				"INFOPLIST_KEY_UIApplicationSupportsIndirectInputEvents[sdk=iphonesimulator*]" = YES;
				"INFOPLIST_KEY_UILaunchScreen_Generation[sdk=iphoneos*]" = YES;
				"INFOPLIST_KEY_UILaunchScreen_Generation[sdk=iphonesimulator*]" = YES;
				"INFOPLIST_KEY_UIStatusBarStyle[sdk=iphoneos*]" = UIStatusBarStyleDefault;
				"INFOPLIST_KEY_UIStatusBarStyle[sdk=iphonesimulator*]" = UIStatusBarStyleDefault;
				INFOPLIST_KEY_UISupportedInterfaceOrientations_iPad = "UIInterfaceOrientationPortrait UIInterfaceOrientationPortraitUpsideDown UIInterfaceOrientationLandscapeLeft UIInterfaceOrientationLandscapeRight";
				INFOPLIST_KEY_UISupportedInterfaceOrientations_iPhone = "UIInterfaceOrientationPortrait UIInterfaceOrientationLandscapeLeft UIInterfaceOrientationLandscapeRight";
				IPHONEOS_DEPLOYMENT_TARGET = 18.0;
				LD_RUNPATH_SEARCH_PATHS = "@executable_path/Frameworks";
				"LD_RUNPATH_SEARCH_PATHS[sdk=macosx*]" = "@executable_path/../Frameworks";
				MACOSX_DEPLOYMENT_TARGET = 14.0;
				MARKETING_VERSION = 1.0;
				PRODUCT_BUNDLE_IDENTIFIER = danimore.com.FarmiculturAPP;
				PRODUCT_NAME = "$(TARGET_NAME)";
				PROVISIONING_PROFILE_SPECIFIER = "";
				SDKROOT = auto;
				SUPPORTED_PLATFORMS = "iphoneos iphonesimulator";
				SUPPORTS_MACCATALYST = NO;
				SWIFT_EMIT_LOC_STRINGS = YES;
				SWIFT_VERSION = 5.0;
				TARGETED_DEVICE_FAMILY = "1,2";
				XROS_DEPLOYMENT_TARGET = 2.0;
			};
			name = Release;
		};
		8B1514592CD7D5C6007255E3 /* Debug */ = {
			isa = XCBuildConfiguration;
			buildSettings = {
				ALWAYS_SEARCH_USER_PATHS = NO;
				ASSETCATALOG_COMPILER_GENERATE_SWIFT_ASSET_SYMBOL_EXTENSIONS = YES;
				CLANG_ANALYZER_NONNULL = YES;
				CLANG_ANALYZER_NUMBER_OBJECT_CONVERSION = YES_AGGRESSIVE;
				CLANG_CXX_LANGUAGE_STANDARD = "gnu++20";
				CLANG_ENABLE_MODULES = YES;
				CLANG_ENABLE_OBJC_ARC = YES;
				CLANG_ENABLE_OBJC_WEAK = YES;
				CLANG_WARN_BLOCK_CAPTURE_AUTORELEASING = YES;
				CLANG_WARN_BOOL_CONVERSION = YES;
				CLANG_WARN_COMMA = YES;
				CLANG_WARN_CONSTANT_CONVERSION = YES;
				CLANG_WARN_DEPRECATED_OBJC_IMPLEMENTATIONS = YES;
				CLANG_WARN_DIRECT_OBJC_ISA_USAGE = YES_ERROR;
				CLANG_WARN_DOCUMENTATION_COMMENTS = YES;
				CLANG_WARN_EMPTY_BODY = YES;
				CLANG_WARN_ENUM_CONVERSION = YES;
				CLANG_WARN_INFINITE_RECURSION = YES;
				CLANG_WARN_INT_CONVERSION = YES;
				CLANG_WARN_NON_LITERAL_NULL_CONVERSION = YES;
				CLANG_WARN_OBJC_IMPLICIT_RETAIN_SELF = YES;
				CLANG_WARN_OBJC_LITERAL_CONVERSION = YES;
				CLANG_WARN_OBJC_ROOT_CLASS = YES_ERROR;
				CLANG_WARN_QUOTED_INCLUDE_IN_FRAMEWORK_HEADER = YES;
				CLANG_WARN_RANGE_LOOP_ANALYSIS = YES;
				CLANG_WARN_STRICT_PROTOTYPES = YES;
				CLANG_WARN_SUSPICIOUS_MOVE = YES;
				CLANG_WARN_UNGUARDED_AVAILABILITY = YES_AGGRESSIVE;
				CLANG_WARN_UNREACHABLE_CODE = YES;
				CLANG_WARN__DUPLICATE_METHOD_MATCH = YES;
				COPY_PHASE_STRIP = NO;
				DEBUG_INFORMATION_FORMAT = dwarf;
				ENABLE_STRICT_OBJC_MSGSEND = YES;
				ENABLE_TESTABILITY = YES;
				ENABLE_USER_SCRIPT_SANDBOXING = YES;
				GCC_C_LANGUAGE_STANDARD = gnu17;
				GCC_DYNAMIC_NO_PIC = NO;
				GCC_NO_COMMON_BLOCKS = YES;
				GCC_OPTIMIZATION_LEVEL = 0;
				GCC_PREPROCESSOR_DEFINITIONS = (
					"DEBUG=1",
					"$(inherited)",
				);
				GCC_WARN_64_TO_32_BIT_CONVERSION = YES;
				GCC_WARN_ABOUT_RETURN_TYPE = YES_ERROR;
				GCC_WARN_UNDECLARED_SELECTOR = YES;
				GCC_WARN_UNINITIALIZED_AUTOS = YES_AGGRESSIVE;
				GCC_WARN_UNUSED_FUNCTION = YES;
				GCC_WARN_UNUSED_VARIABLE = YES;
				LOCALIZATION_PREFERS_STRING_CATALOGS = YES;
				MTL_ENABLE_DEBUG_INFO = INCLUDE_SOURCE;
				MTL_FAST_MATH = YES;
				ONLY_ACTIVE_ARCH = YES;
				SWIFT_ACTIVE_COMPILATION_CONDITIONS = "DEBUG $(inherited)";
				SWIFT_OPTIMIZATION_LEVEL = "-Onone";
			};
			name = Debug;
		};
		8B15145A2CD7D5C6007255E3 /* Release */ = {
			isa = XCBuildConfiguration;
			buildSettings = {
				ALWAYS_SEARCH_USER_PATHS = NO;
				ASSETCATALOG_COMPILER_GENERATE_SWIFT_ASSET_SYMBOL_EXTENSIONS = YES;
				CLANG_ANALYZER_NONNULL = YES;
				CLANG_ANALYZER_NUMBER_OBJECT_CONVERSION = YES_AGGRESSIVE;
				CLANG_CXX_LANGUAGE_STANDARD = "gnu++20";
				CLANG_ENABLE_MODULES = YES;
				CLANG_ENABLE_OBJC_ARC = YES;
				CLANG_ENABLE_OBJC_WEAK = YES;
				CLANG_WARN_BLOCK_CAPTURE_AUTORELEASING = YES;
				CLANG_WARN_BOOL_CONVERSION = YES;
				CLANG_WARN_COMMA = YES;
				CLANG_WARN_CONSTANT_CONVERSION = YES;
				CLANG_WARN_DEPRECATED_OBJC_IMPLEMENTATIONS = YES;
				CLANG_WARN_DIRECT_OBJC_ISA_USAGE = YES_ERROR;
				CLANG_WARN_DOCUMENTATION_COMMENTS = YES;
				CLANG_WARN_EMPTY_BODY = YES;
				CLANG_WARN_ENUM_CONVERSION = YES;
				CLANG_WARN_INFINITE_RECURSION = YES;
				CLANG_WARN_INT_CONVERSION = YES;
				CLANG_WARN_NON_LITERAL_NULL_CONVERSION = YES;
				CLANG_WARN_OBJC_IMPLICIT_RETAIN_SELF = YES;
				CLANG_WARN_OBJC_LITERAL_CONVERSION = YES;
				CLANG_WARN_OBJC_ROOT_CLASS = YES_ERROR;
				CLANG_WARN_QUOTED_INCLUDE_IN_FRAMEWORK_HEADER = YES;
				CLANG_WARN_RANGE_LOOP_ANALYSIS = YES;
				CLANG_WARN_STRICT_PROTOTYPES = YES;
				CLANG_WARN_SUSPICIOUS_MOVE = YES;
				CLANG_WARN_UNGUARDED_AVAILABILITY = YES_AGGRESSIVE;
				CLANG_WARN_UNREACHABLE_CODE = YES;
				CLANG_WARN__DUPLICATE_METHOD_MATCH = YES;
				COPY_PHASE_STRIP = NO;
				DEBUG_INFORMATION_FORMAT = "dwarf-with-dsym";
				ENABLE_NS_ASSERTIONS = NO;
				ENABLE_STRICT_OBJC_MSGSEND = YES;
				ENABLE_USER_SCRIPT_SANDBOXING = YES;
				GCC_C_LANGUAGE_STANDARD = gnu17;
				GCC_NO_COMMON_BLOCKS = YES;
				GCC_WARN_64_TO_32_BIT_CONVERSION = YES;
				GCC_WARN_ABOUT_RETURN_TYPE = YES_ERROR;
				GCC_WARN_UNDECLARED_SELECTOR = YES;
				GCC_WARN_UNINITIALIZED_AUTOS = YES_AGGRESSIVE;
				GCC_WARN_UNUSED_FUNCTION = YES;
				GCC_WARN_UNUSED_VARIABLE = YES;
				LOCALIZATION_PREFERS_STRING_CATALOGS = YES;
				MTL_ENABLE_DEBUG_INFO = NO;
				MTL_FAST_MATH = YES;
				SWIFT_COMPILATION_MODE = wholemodule;
			};
			name = Release;
		};
		8B15145C2CD7D5C6007255E3 /* Debug */ = {
			isa = XCBuildConfiguration;
			buildSettings = {
				BUNDLE_LOADER = "$(TEST_HOST)";
				CODE_SIGN_STYLE = Automatic;
				CURRENT_PROJECT_VERSION = 1;
				DEVELOPMENT_TEAM = 63B8N9Z9DR;
				GENERATE_INFOPLIST_FILE = YES;
				IPHONEOS_DEPLOYMENT_TARGET = 18.0;
				MACOSX_DEPLOYMENT_TARGET = 15.0;
				MARKETING_VERSION = 1.0;
				PRODUCT_BUNDLE_IDENTIFIER = danimore.com.FarmiculturAPPTests;
				PRODUCT_NAME = "$(TARGET_NAME)";
				SDKROOT = auto;
				SUPPORTED_PLATFORMS = "iphoneos iphonesimulator macosx xros xrsimulator";
				SWIFT_EMIT_LOC_STRINGS = NO;
				SWIFT_VERSION = 5.0;
				TARGETED_DEVICE_FAMILY = "1,2,7";
				TEST_HOST = "$(BUILT_PRODUCTS_DIR)/FarmiculturAPP.app/$(BUNDLE_EXECUTABLE_FOLDER_PATH)/FarmiculturAPP";
				XROS_DEPLOYMENT_TARGET = 2.0;
			};
			name = Debug;
		};
		8B15145D2CD7D5C6007255E3 /* Release */ = {
			isa = XCBuildConfiguration;
			buildSettings = {
				BUNDLE_LOADER = "$(TEST_HOST)";
				CODE_SIGN_STYLE = Automatic;
				CURRENT_PROJECT_VERSION = 1;
				DEVELOPMENT_TEAM = 63B8N9Z9DR;
				GENERATE_INFOPLIST_FILE = YES;
				IPHONEOS_DEPLOYMENT_TARGET = 18.0;
				MACOSX_DEPLOYMENT_TARGET = 15.0;
				MARKETING_VERSION = 1.0;
				PRODUCT_BUNDLE_IDENTIFIER = danimore.com.FarmiculturAPPTests;
				PRODUCT_NAME = "$(TARGET_NAME)";
				SDKROOT = auto;
				SUPPORTED_PLATFORMS = "iphoneos iphonesimulator macosx xros xrsimulator";
				SWIFT_EMIT_LOC_STRINGS = NO;
				SWIFT_VERSION = 5.0;
				TARGETED_DEVICE_FAMILY = "1,2,7";
				TEST_HOST = "$(BUILT_PRODUCTS_DIR)/FarmiculturAPP.app/$(BUNDLE_EXECUTABLE_FOLDER_PATH)/FarmiculturAPP";
				XROS_DEPLOYMENT_TARGET = 2.0;
			};
			name = Release;
		};
		8B15145F2CD7D5C6007255E3 /* Debug */ = {
			isa = XCBuildConfiguration;
			buildSettings = {
				CODE_SIGN_STYLE = Automatic;
				CURRENT_PROJECT_VERSION = 1;
				DEVELOPMENT_TEAM = 63B8N9Z9DR;
				GENERATE_INFOPLIST_FILE = YES;
				IPHONEOS_DEPLOYMENT_TARGET = 18.0;
				MACOSX_DEPLOYMENT_TARGET = 15.0;
				MARKETING_VERSION = 1.0;
				PRODUCT_BUNDLE_IDENTIFIER = danimore.com.FarmiculturAPPUITests;
				PRODUCT_NAME = "$(TARGET_NAME)";
				SDKROOT = auto;
				SUPPORTED_PLATFORMS = "iphoneos iphonesimulator macosx xros xrsimulator";
				SWIFT_EMIT_LOC_STRINGS = NO;
				SWIFT_VERSION = 5.0;
				TARGETED_DEVICE_FAMILY = "1,2,7";
				TEST_TARGET_NAME = FarmiculturAPP;
				XROS_DEPLOYMENT_TARGET = 2.0;
			};
			name = Debug;
		};
		8B1514602CD7D5C6007255E3 /* Release */ = {
			isa = XCBuildConfiguration;
			buildSettings = {
				CODE_SIGN_STYLE = Automatic;
				CURRENT_PROJECT_VERSION = 1;
				DEVELOPMENT_TEAM = 63B8N9Z9DR;
				GENERATE_INFOPLIST_FILE = YES;
				IPHONEOS_DEPLOYMENT_TARGET = 18.0;
				MACOSX_DEPLOYMENT_TARGET = 15.0;
				MARKETING_VERSION = 1.0;
				PRODUCT_BUNDLE_IDENTIFIER = danimore.com.FarmiculturAPPUITests;
				PRODUCT_NAME = "$(TARGET_NAME)";
				SDKROOT = auto;
				SUPPORTED_PLATFORMS = "iphoneos iphonesimulator macosx xros xrsimulator";
				SWIFT_EMIT_LOC_STRINGS = NO;
				SWIFT_VERSION = 5.0;
				TARGETED_DEVICE_FAMILY = "1,2,7";
				TEST_TARGET_NAME = FarmiculturAPP;
				XROS_DEPLOYMENT_TARGET = 2.0;
			};
			name = Release;
		};
/* End XCBuildConfiguration section */

/* Begin XCConfigurationList section */
		8B15142A2CD7D5C5007255E3 /* Build configuration list for PBXProject "FarmiculturAPP" */ = {
			isa = XCConfigurationList;
			buildConfigurations = (
				8B1514592CD7D5C6007255E3 /* Debug */,
				8B15145A2CD7D5C6007255E3 /* Release */,
			);
			defaultConfigurationIsVisible = 0;
			defaultConfigurationName = Release;
		};
		8B1514562CD7D5C6007255E3 /* Build configuration list for PBXNativeTarget "FarmiculturAPP" */ = {
			isa = XCConfigurationList;
			buildConfigurations = (
				8B1514572CD7D5C6007255E3 /* Debug */,
				8B1514582CD7D5C6007255E3 /* Release */,
			);
			defaultConfigurationIsVisible = 0;
			defaultConfigurationName = Release;
		};
		8B15145B2CD7D5C6007255E3 /* Build configuration list for PBXNativeTarget "FarmiculturAPPTests" */ = {
			isa = XCConfigurationList;
			buildConfigurations = (
				8B15145C2CD7D5C6007255E3 /* Debug */,
				8B15145D2CD7D5C6007255E3 /* Release */,
			);
			defaultConfigurationIsVisible = 0;
			defaultConfigurationName = Release;
		};
		8B15145E2CD7D5C6007255E3 /* Build configuration list for PBXNativeTarget "FarmiculturAPPUITests" */ = {
			isa = XCConfigurationList;
			buildConfigurations = (
				8B15145F2CD7D5C6007255E3 /* Debug */,
				8B1514602CD7D5C6007255E3 /* Release */,
			);
			defaultConfigurationIsVisible = 0;
			defaultConfigurationName = Release;
		};
/* End XCConfigurationList section */

/* Begin XCRemoteSwiftPackageReference section */
		8B07CA4A2E08FF410025874B /* XCRemoteSwiftPackageReference "firebase-ios-sdk" */ = {
			isa = XCRemoteSwiftPackageReference;
			repositoryURL = "https://github.com/firebase/firebase-ios-sdk.git";
			requirement = {
				kind = upToNextMajorVersion;
				minimumVersion = 11.14.0;
			};
		};
/* End XCRemoteSwiftPackageReference section */

/* Begin XCSwiftPackageProductDependency section */
		8B07CA4B2E08FF410025874B /* FirebaseAI */ = {
			isa = XCSwiftPackageProductDependency;
			package = 8B07CA4A2E08FF410025874B /* XCRemoteSwiftPackageReference "firebase-ios-sdk" */;
			productName = FirebaseAI;
		};
		8B07CA4D2E08FF410025874B /* FirebaseAnalytics */ = {
			isa = XCSwiftPackageProductDependency;
			package = 8B07CA4A2E08FF410025874B /* XCRemoteSwiftPackageReference "firebase-ios-sdk" */;
			productName = FirebaseAnalytics;
		};
		8B07CA4F2E08FF410025874B /* FirebaseAuth */ = {
			isa = XCSwiftPackageProductDependency;
			package = 8B07CA4A2E08FF410025874B /* XCRemoteSwiftPackageReference "firebase-ios-sdk" */;
			productName = FirebaseAuth;
		};
		8B07CA512E08FF410025874B /* FirebaseAuthCombine-Community */ = {
			isa = XCSwiftPackageProductDependency;
			package = 8B07CA4A2E08FF410025874B /* XCRemoteSwiftPackageReference "firebase-ios-sdk" */;
			productName = "FirebaseAuthCombine-Community";
		};
		8B07CA532E08FF410025874B /* FirebaseFirestore */ = {
			isa = XCSwiftPackageProductDependency;
			package = 8B07CA4A2E08FF410025874B /* XCRemoteSwiftPackageReference "firebase-ios-sdk" */;
			productName = FirebaseFirestore;
		};
		8B07CA552E08FF410025874B /* FirebaseFirestoreCombine-Community */ = {
			isa = XCSwiftPackageProductDependency;
			package = 8B07CA4A2E08FF410025874B /* XCRemoteSwiftPackageReference "firebase-ios-sdk" */;
			productName = "FirebaseFirestoreCombine-Community";
		};
/* End XCSwiftPackageProductDependency section */
	};
	rootObject = 8B1514272CD7D5C5007255E3 /* Project object */;
}
